
Microsoft Visual Studio Solution File, Format Version 12.00
# Visual Studio Version 17
VisualStudioVersion = 17.13.35919.96 d17.13
MinimumVisualStudioVersion = 10.0.40219.1
Project("{FAE04EC0-301F-11D3-BF4B-00C04F79EFBC}") = "PracticaOrientadoObjetos3", "PracticaOrientadoObjetos3\PracticaOrientadoObjetos3.csproj", "{8AE686F4-7A9C-4419-8092-38E0FDD3A653}"
EndProject
Project("{FAE04EC0-301F-11D3-BF4B-00C04F79EFBC}") = "Clases", "Clases\Clases.csproj", "{FCD7BCC4-02B9-47ED-9A0E-D81B54EF6498}"
EndProject
Global
	GlobalSection(SolutionConfigurationPlatforms) = preSolution
		Debug|Any CPU = Debug|Any CPU
		Release|Any CPU = Release|Any CPU
	EndGlobalSection
	GlobalSection(ProjectConfigurationPlatforms) = postSolution
		{8AE686F4-7A9C-4419-8092-38E0FDD3A653}.Debug|Any CPU.ActiveCfg = Debug|Any CPU
		{8AE686F4-7A9C-4419-8092-38E0FDD3A653}.Debug|Any CPU.Build.0 = Debug|Any CPU
		{8AE686F4-7A9C-4419-8092-38E0FDD3A653}.Release|Any CPU.ActiveCfg = Release|Any CPU
		{8AE686F4-7A9C-4419-8092-38E0FDD3A653}.Release|Any CPU.Build.0 = Release|Any CPU
		{FCD7BCC4-02B9-47ED-9A0E-D81B54EF6498}.Debug|Any CPU.ActiveCfg = Debug|Any CPU
		{FCD7BCC4-02B9-47ED-9A0E-D81B54EF6498}.Debug|Any CPU.Build.0 = Debug|Any CPU
		{FCD7BCC4-02B9-47ED-9A0E-D81B54EF6498}.Release|Any CPU.ActiveCfg = Release|Any CPU
		{FCD7BCC4-02B9-47ED-9A0E-D81B54EF6498}.Release|Any CPU.Build.0 = Release|Any CPU
	EndGlobalSection
	GlobalSection(SolutionProperties) = preSolution
		HideSolutionNode = FALSE
	EndGlobalSection
	GlobalSection(ExtensibilityGlobals) = postSolution
		SolutionGuid = {D025FC3D-03E3-430D-8933-8572219233A6}
	EndGlobalSection
EndGlobal
